
Microsoft Visual Studio Solution File, Format Version 12.00
# Visual Studio Version 16
VisualStudioVersion = 16.0.30517.126
MinimumVisualStudioVersion = 10.0.40219.1
Project("{FAE04EC0-301F-11D3-BF4B-00C04F79EFBC}") = "BBBUG.COM", "BBBUG.COM.csproj", "{AE0BD55C-F79B-406F-8671-F99E79ED56DF}"
EndProject
Global
	GlobalSection(SolutionConfigurationPlatforms) = preSolution
		Debug|Any CPU = Debug|Any CPU
		Release|Any CPU = Release|Any CPU
	EndGlobalSection
	GlobalSection(ProjectConfigurationPlatforms) = postSolution
		{AE0BD55C-F79B-406F-8671-F99E79ED56DF}.Debug|Any CPU.ActiveCfg = Debug|Any CPU
		{AE0BD55C-F79B-406F-8671-F99E79ED56DF}.Debug|Any CPU.Build.0 = Debug|Any CPU
		{AE0BD55C-F79B-406F-8671-F99E79ED56DF}.Release|Any CPU.ActiveCfg = Release|Any CPU
		{AE0BD55C-F79B-406F-8671-F99E79ED56DF}.Release|Any CPU.Build.0 = Release|Any CPU
	EndGlobalSection
	GlobalSection(SolutionProperties) = preSolution
		HideSolutionNode = FALSE
	EndGlobalSection
	GlobalSection(ExtensibilityGlobals) = postSolution
		SolutionGuid = {8D9D1961-B6DC-4A5F-B436-4F67C3D4807D}
	EndGlobalSection
EndGlobal
